// !$*UTF8*$!
{
	archiveVersion = 1;
	classes = {
	};
	objectVersion = 46;
	objects = {

/* Begin PBXBuildFile section */
		36FC8A081DE2F58900C17C48 /* main.m in Sources */ = {isa = PBXBuildFile; fileRef = 36FC8A071DE2F58900C17C48 /* main.m */; };
		36FC8A0B1DE2F58900C17C48 /* AppDelegate.m in Sources */ = {isa = PBXBuildFile; fileRef = 36FC8A0A1DE2F58900C17C48 /* AppDelegate.m */; };
		36FC8A0E1DE2F58900C17C48 /* ViewController.m in Sources */ = {isa = PBXBuildFile; fileRef = 36FC8A0D1DE2F58900C17C48 /* ViewController.m */; };
		36FC8A111DE2F58900C17C48 /* Main.storyboard in Resources */ = {isa = PBXBuildFile; fileRef = 36FC8A0F1DE2F58900C17C48 /* Main.storyboard */; };
		36FC8A131DE2F58900C17C48 /* Assets.xcassets in Resources */ = {isa = PBXBuildFile; fileRef = 36FC8A121DE2F58900C17C48 /* Assets.xcassets */; };
		36FC8A161DE2F58900C17C48 /* LaunchScreen.storyboard in Resources */ = {isa = PBXBuildFile; fileRef = 36FC8A141DE2F58900C17C48 /* LaunchScreen.storyboard */; };
		36FC8A281DE3055F00C17C48 /* BNAlertShow.m in Sources */ = {isa = PBXBuildFile; fileRef = 36FC8A251DE3055F00C17C48 /* BNAlertShow.m */; };
		36FC8A291DE3055F00C17C48 /* BNAlertView.m in Sources */ = {isa = PBXBuildFile; fileRef = 36FC8A271DE3055F00C17C48 /* BNAlertView.m */; };
/* End PBXBuildFile section */

/* Begin PBXFileReference section */
		36FC8A031DE2F58900C17C48 /* BarNotification.app */ = {isa = PBXFileReference; explicitFileType = wrapper.application; includeInIndex = 0; path = BarNotification.app; sourceTree = BUILT_PRODUCTS_DIR; };
		36FC8A071DE2F58900C17C48 /* main.m */ = {isa = PBXFileReference; lastKnownFileType = sourcecode.c.objc; path = main.m; sourceTree = "<group>"; };
		36FC8A091DE2F58900C17C48 /* AppDelegate.h */ = {isa = PBXFileReference; lastKnownFileType = sourcecode.c.h; path = AppDelegate.h; sourceTree = "<group>"; };
		36FC8A0A1DE2F58900C17C48 /* AppDelegate.m */ = {isa = PBXFileReference; lastKnownFileType = sourcecode.c.objc; path = AppDelegate.m; sourceTree = "<group>"; };
		36FC8A0C1DE2F58900C17C48 /* ViewController.h */ = {isa = PBXFileReference; lastKnownFileType = sourcecode.c.h; path = ViewController.h; sourceTree = "<group>"; };
		36FC8A0D1DE2F58900C17C48 /* ViewController.m */ = {isa = PBXFileReference; lastKnownFileType = sourcecode.c.objc; path = ViewController.m; sourceTree = "<group>"; };
		36FC8A101DE2F58900C17C48 /* Base */ = {isa = PBXFileReference; lastKnownFileType = file.storyboard; name = Base; path = Base.lproj/Main.storyboard; sourceTree = "<group>"; };
		36FC8A121DE2F58900C17C48 /* Assets.xcassets */ = {isa = PBXFileReference; lastKnownFileType = folder.assetcatalog; path = Assets.xcassets; sourceTree = "<group>"; };
		36FC8A151DE2F58900C17C48 /* Base */ = {isa = PBXFileReference; lastKnownFileType = file.storyboard; name = Base; path = Base.lproj/LaunchScreen.storyboard; sourceTree = "<group>"; };
		36FC8A171DE2F58900C17C48 /* Info.plist */ = {isa = PBXFileReference; lastKnownFileType = text.plist.xml; path = Info.plist; sourceTree = "<group>"; };
		36FC8A241DE3055F00C17C48 /* BNAlertShow.h */ = {isa = PBXFileReference; fileEncoding = 4; lastKnownFileType = sourcecode.c.h; path = BNAlertShow.h; sourceTree = "<group>"; };
		36FC8A251DE3055F00C17C48 /* BNAlertShow.m */ = {isa = PBXFileReference; fileEncoding = 4; lastKnownFileType = sourcecode.c.objc; path = BNAlertShow.m; sourceTree = "<group>"; };
		36FC8A261DE3055F00C17C48 /* BNAlertView.h */ = {isa = PBXFileReference; fileEncoding = 4; lastKnownFileType = sourcecode.c.h; path = BNAlertView.h; sourceTree = "<group>"; };
		36FC8A271DE3055F00C17C48 /* BNAlertView.m */ = {isa = PBXFileReference; fileEncoding = 4; lastKnownFileType = sourcecode.c.objc; path = BNAlertView.m; sourceTree = "<group>"; };
/* End PBXFileReference section */

/* Begin PBXFrameworksBuildPhase section */
		36FC8A001DE2F58900C17C48 /* Frameworks */ = {
			isa = PBXFrameworksBuildPhase;
			buildActionMask = 2147483647;
			files = (
			);
			runOnlyForDeploymentPostprocessing = 0;
		};
/* End PBXFrameworksBuildPhase section */

/* Begin PBXGroup section */
		36FC89FA1DE2F58800C17C48 = {
			isa = PBXGroup;
			children = (
				36FC8A051DE2F58900C17C48 /* BarNotification */,
				36FC8A041DE2F58900C17C48 /* Products */,
			);
			sourceTree = "<group>";
		};
		36FC8A041DE2F58900C17C48 /* Products */ = {
			isa = PBXGroup;
			children = (
				36FC8A031DE2F58900C17C48 /* BarNotification.app */,
			);
			name = Products;
			sourceTree = "<group>";
		};
		36FC8A051DE2F58900C17C48 /* BarNotification */ = {
			isa = PBXGroup;
			children = (
				36FC8A231DE3055F00C17C48 /* BNAlert */,
				36FC8A091DE2F58900C17C48 /* AppDelegate.h */,
				36FC8A0A1DE2F58900C17C48 /* AppDelegate.m */,
				36FC8A0C1DE2F58900C17C48 /* ViewController.h */,
				36FC8A0D1DE2F58900C17C48 /* ViewController.m */,
				36FC8A0F1DE2F58900C17C48 /* Main.storyboard */,
				36FC8A121DE2F58900C17C48 /* Assets.xcassets */,
				36FC8A141DE2F58900C17C48 /* LaunchScreen.storyboard */,
				36FC8A171DE2F58900C17C48 /* Info.plist */,
				36FC8A061DE2F58900C17C48 /* Supporting Files */,
			);
			path = BarNotification;
			sourceTree = "<group>";
		};
		36FC8A061DE2F58900C17C48 /* Supporting Files */ = {
			isa = PBXGroup;
			children = (
				36FC8A071DE2F58900C17C48 /* main.m */,
			);
			name = "Supporting Files";
			sourceTree = "<group>";
		};
		36FC8A231DE3055F00C17C48 /* BNAlert */ = {
			isa = PBXGroup;
			children = (
				36FC8A241DE3055F00C17C48 /* BNAlertShow.h */,
				36FC8A251DE3055F00C17C48 /* BNAlertShow.m */,
				36FC8A261DE3055F00C17C48 /* BNAlertView.h */,
				36FC8A271DE3055F00C17C48 /* BNAlertView.m */,
			);
			path = BNAlert;
			sourceTree = "<group>";
		};
/* End PBXGroup section */

/* Begin PBXNativeTarget section */
		36FC8A021DE2F58900C17C48 /* BarNotification */ = {
			isa = PBXNativeTarget;
			buildConfigurationList = 36FC8A1A1DE2F58900C17C48 /* Build configuration list for PBXNativeTarget "BarNotification" */;
			buildPhases = (
				36FC89FF1DE2F58900C17C48 /* Sources */,
				36FC8A001DE2F58900C17C48 /* Frameworks */,
				36FC8A011DE2F58900C17C48 /* Resources */,
			);
			buildRules = (
			);
			dependencies = (
			);
			name = BarNotification;
			productName = BarNotification;
			productReference = 36FC8A031DE2F58900C17C48 /* BarNotification.app */;
			productType = "com.apple.product-type.application";
		};
/* End PBXNativeTarget section */

/* Begin PBXProject section */
		36FC89FB1DE2F58800C17C48 /* Project object */ = {
			isa = PBXProject;
			attributes = {
				LastUpgradeCheck = 0810;
				ORGANIZATIONNAME = Luojianzhen;
				TargetAttributes = {
					36FC8A021DE2F58900C17C48 = {
						CreatedOnToolsVersion = 8.1;
						DevelopmentTeam = M256YA9NQD;
						ProvisioningStyle = Manual;
					};
				};
			};
			buildConfigurationList = 36FC89FE1DE2F58800C17C48 /* Build configuration list for PBXProject "BarNotification" */;
			compatibilityVersion = "Xcode 3.2";
			developmentRegion = English;
			hasScannedForEncodings = 0;
			knownRegions = (
				en,
				Base,
			);
			mainGroup = 36FC89FA1DE2F58800C17C48;
			productRefGroup = 36FC8A041DE2F58900C17C48 /* Products */;
			projectDirPath = "";
			projectRoot = "";
			targets = (
				36FC8A021DE2F58900C17C48 /* BarNotification */,
			);
		};
/* End PBXProject section */

/* Begin PBXResourcesBuildPhase section */
		36FC8A011DE2F58900C17C48 /* Resources */ = {
			isa = PBXResourcesBuildPhase;
			buildActionMask = 2147483647;
			files = (
				36FC8A161DE2F58900C17C48 /* LaunchScreen.storyboard in Resources */,
				36FC8A131DE2F58900C17C48 /* Assets.xcassets in Resources */,
				36FC8A111DE2F58900C17C48 /* Main.storyboard in Resources */,
			);
			runOnlyForDeploymentPostprocessing = 0;
		};
/* End PBXResourcesBuildPhase section */

/* Begin PBXSourcesBuildPhase section */
		36FC89FF1DE2F58900C17C48 /* Sources */ = {
			isa = PBXSourcesBuildPhase;
			buildActionMask = 2147483647;
			files = (
				36FC8A0E1DE2F58900C17C48 /* ViewController.m in Sources */,
				36FC8A281DE3055F00C17C48 /* BNAlertShow.m in Sources */,
				36FC8A0B1DE2F58900C17C48 /* AppDelegate.m in Sources */,
				36FC8A291DE3055F00C17C48 /* BNAlertView.m in Sources */,
				36FC8A081DE2F58900C17C48 /* main.m in Sources */,
			);
			runOnlyForDeploymentPostprocessing = 0;
		};
/* End PBXSourcesBuildPhase section */

/* Begin PBXVariantGroup section */
		36FC8A0F1DE2F58900C17C48 /* Main.storyboard */ = {
			isa = PBXVariantGroup;
			children = (
				36FC8A101DE2F58900C17C48 /* Base */,
			);
			name = Main.storyboard;
			sourceTree = "<group>";
		};
		36FC8A141DE2F58900C17C48 /* LaunchScreen.storyboard */ = {
			isa = PBXVariantGroup;
			children = (
				36FC8A151DE2F58900C17C48 /* Base */,
			);
			name = LaunchScreen.storyboard;
			sourceTree = "<group>";
		};
/* End PBXVariantGroup section */

/* Begin XCBuildConfiguration section */
		36FC8A181DE2F58900C17C48 /* Debug */ = {
			isa = XCBuildConfiguration;
			buildSettings = {
				ALWAYS_SEARCH_USER_PATHS = NO;
				CLANG_ANALYZER_NONNULL = YES;
				CLANG_CXX_LANGUAGE_STANDARD = "gnu++0x";
				CLANG_CXX_LIBRARY = "libc++";
				CLANG_ENABLE_MODULES = YES;
				CLANG_ENABLE_OBJC_ARC = YES;
				CLANG_WARN_BOOL_CONVERSION = YES;
				CLANG_WARN_CONSTANT_CONVERSION = YES;
				CLANG_WARN_DIRECT_OBJC_ISA_USAGE = YES_ERROR;
				CLANG_WARN_DOCUMENTATION_COMMENTS = YES;
				CLANG_WARN_EMPTY_BODY = YES;
				CLANG_WARN_ENUM_CONVERSION = YES;
				CLANG_WARN_INFINITE_RECURSION = YES;
				CLANG_WARN_INT_CONVERSION = YES;
				CLANG_WARN_OBJC_ROOT_CLASS = YES_ERROR;
				CLANG_WARN_SUSPICIOUS_MOVES = YES;
				CLANG_WARN_UNREACHABLE_CODE = YES;
				CLANG_WARN__DUPLICATE_METHOD_MATCH = YES;
				"CODE_SIGN_IDENTITY[sdk=iphoneos*]" = "iPhone Developer";
				COPY_PHASE_STRIP = NO;
				DEBUG_INFORMATION_FORMAT = dwarf;
				ENABLE_STRICT_OBJC_MSGSEND = YES;
				ENABLE_TESTABILITY = YES;
				GCC_C_LANGUAGE_STANDARD = gnu99;
				GCC_DYNAMIC_NO_PIC = NO;
				GCC_NO_COMMON_BLOCKS = YES;
				GCC_OPTIMIZATION_LEVEL = 0;
				GCC_PREPROCESSOR_DEFINITIONS = (
					"DEBUG=1",
					"$(inherited)",
				);
				GCC_WARN_64_TO_32_BIT_CONVERSION = YES;
				GCC_WARN_ABOUT_RETURN_TYPE = YES_ERROR;
				GCC_WARN_UNDECLARED_SELECTOR = YES;
				GCC_WARN_UNINITIALIZED_AUTOS = YES_AGGRESSIVE;
				GCC_WARN_UNUSED_FUNCTION = YES;
				GCC_WARN_UNUSED_VARIABLE = YES;
				IPHONEOS_DEPLOYMENT_TARGET = 10.1;
				MTL_ENABLE_DEBUG_INFO = YES;
				ONLY_ACTIVE_ARCH = YES;
				SDKROOT = iphoneos;
			};
			name = Debug;
		};
		36FC8A191DE2F58900C17C48 /* Release */ = {
			isa = XCBuildConfiguration;
			buildSettings = {
				ALWAYS_SEARCH_USER_PATHS = NO;
				CLANG_ANALYZER_NONNULL = YES;
				CLANG_CXX_LANGUAGE_STANDARD = "gnu++0x";
				CLANG_CXX_LIBRARY = "libc++";
				CLANG_ENABLE_MODULES = YES;
				CLANG_ENABLE_OBJC_ARC = YES;
				CLANG_WARN_BOOL_CONVERSION = YES;
				CLANG_WARN_CONSTANT_CONVERSION = YES;
				CLANG_WARN_DIRECT_OBJC_ISA_USAGE = YES_ERROR;
				CLANG_WARN_DOCUMENTATION_COMMENTS = YES;
				CLANG_WARN_EMPTY_BODY = YES;
				CLANG_WARN_ENUM_CONVERSION = YES;
				CLANG_WARN_INFINITE_RECURSION = YES;
				CLANG_WARN_INT_CONVERSION = YES;
				CLANG_WARN_OBJC_ROOT_CLASS = YES_ERROR;
				CLANG_WARN_SUSPICIOUS_MOVES = YES;
				CLANG_WARN_UNREACHABLE_CODE = YES;
				CLANG_WARN__DUPLICATE_METHOD_MATCH = YES;
				"CODE_SIGN_IDENTITY[sdk=iphoneos*]" = "iPhone Developer";
				COPY_PHASE_STRIP = NO;
				DEBUG_INFORMATION_FORMAT = "dwarf-with-dsym";
				ENABLE_NS_ASSERTIONS = NO;
				ENABLE_STRICT_OBJC_MSGSEND = YES;
				GCC_C_LANGUAGE_STANDARD = gnu99;
				GCC_NO_COMMON_BLOCKS = YES;
				GCC_WARN_64_TO_32_BIT_CONVERSION = YES;
				GCC_WARN_ABOUT_RETURN_TYPE = YES_ERROR;
				GCC_WARN_UNDECLARED_SELECTOR = YES;
				GCC_WARN_UNINITIALIZED_AUTOS = YES_AGGRESSIVE;
				GCC_WARN_UNUSED_FUNCTION = YES;
				GCC_WARN_UNUSED_VARIABLE = YES;
				IPHONEOS_DEPLOYMENT_TARGET = 10.1;
				MTL_ENABLE_DEBUG_INFO = NO;
				SDKROOT = iphoneos;
				VALIDATE_PRODUCT = YES;
			};
			name = Release;
		};
		36FC8A1B1DE2F58900C17C48 /* Debug */ = {
			isa = XCBuildConfiguration;
			buildSettings = {
				ASSETCATALOG_COMPILER_APPICON_NAME = AppIcon;
				DEVELOPMENT_TEAM = M256YA9NQD;
				INFOPLIST_FILE = BarNotification/Info.plist;
				IPHONEOS_DEPLOYMENT_TARGET = 8.0;
				LD_RUNPATH_SEARCH_PATHS = "$(inherited) @executable_path/Frameworks";
				PRODUCT_BUNDLE_IDENTIFIER = com.uroad.BarNotification;
				PRODUCT_NAME = "$(TARGET_NAME)";
				PROVISIONING_PROFILE = "cf98f30d-0dc3-4e62-a71b-b7dd74782a19";
				PROVISIONING_PROFILE_SPECIFIER = "IOS Wildcard App Profile";
			};
			name = Debug;
		};
		36FC8A1C1DE2F58900C17C48 /* Release */ = {
			isa = XCBuildConfiguration;
			buildSettings = {
				ASSETCATALOG_COMPILER_APPICON_NAME = AppIcon;
				DEVELOPMENT_TEAM = "";
				INFOPLIST_FILE = BarNotification/Info.plist;
				IPHONEOS_DEPLOYMENT_TARGET = 8.0;
				LD_RUNPATH_SEARCH_PATHS = "$(inherited) @executable_path/Frameworks";
				PRODUCT_BUNDLE_IDENTIFIER = com.uroad.BarNotification;
				PRODUCT_NAME = "$(TARGET_NAME)";
			};
			name = Release;
		};
/* End XCBuildConfiguration section */

/* Begin XCConfigurationList section */
		36FC89FE1DE2F58800C17C48 /* Build configuration list for PBXProject "BarNotification" */ = {
			isa = XCConfigurationList;
			buildConfigurations = (
				36FC8A181DE2F58900C17C48 /* Debug */,
				36FC8A191DE2F58900C17C48 /* Release */,
			);
			defaultConfigurationIsVisible = 0;
			defaultConfigurationName = Release;
		};
		36FC8A1A1DE2F58900C17C48 /* Build configuration list for PBXNativeTarget "BarNotification" */ = {
			isa = XCConfigurationList;
			buildConfigurations = (
				36FC8A1B1DE2F58900C17C48 /* Debug */,
				36FC8A1C1DE2F58900C17C48 /* Release */,
			);
			defaultConfigurationIsVisible = 0;
			defaultConfigurationName = Release;
		};
/* End XCConfigurationList section */
	};
	rootObject = 36FC89FB1DE2F58800C17C48 /* Project object */;
}
